
Microsoft Visual Studio Solution File, Format Version 12.00
# Visual Studio Version 17
VisualStudioVersion = 17.4.33205.214
MinimumVisualStudioVersion = 10.0.40219.1
Project("{888888A0-9F3D-457C-B088-3A5042F75D52}") = "FailWork", "FailWork.pyproj", "{CC77E8D4-43ED-4DFF-BB3E-9953DE28A6EA}"
EndProject
Global
	GlobalSection(SolutionConfigurationPlatforms) = preSolution
		Debug|Any CPU = Debug|Any CPU
		Release|Any CPU = Release|Any CPU
	EndGlobalSection
	GlobalSection(ProjectConfigurationPlatforms) = postSolution
		{CC77E8D4-43ED-4DFF-BB3E-9953DE28A6EA}.Debug|Any CPU.ActiveCfg = Debug|Any CPU
		{CC77E8D4-43ED-4DFF-BB3E-9953DE28A6EA}.Release|Any CPU.ActiveCfg = Release|Any CPU
	EndGlobalSection
	GlobalSection(SolutionProperties) = preSolution
		HideSolutionNode = FALSE
	EndGlobalSection
	GlobalSection(ExtensibilityGlobals) = postSolution
		SolutionGuid = {B72A1E2E-50A8-4C32-AC2F-8F6E5D360B62}
	EndGlobalSection
EndGlobal
